
Microsoft Visual Studio Solution File, Format Version 12.00
# Visual Studio Version 16
VisualStudioVersion = 16.0.30204.135
MinimumVisualStudioVersion = 10.0.40219.1
Project("{8BC9CEB8-8B4A-11D0-8D11-00A0C91BC942}") = "megread", "megread\megread.vcxproj", "{045F531F-0CA7-4651-B2C9-F8100D4036A5}"
EndProject
Project("{8BC9CEB8-8B4A-11D0-8D11-00A0C91BC942}") = "megget", "megget\megget.vcxproj", "{E7431140-9925-4348-8168-42507A00E232}"
EndProject
Project("{8BC9CEB8-8B4A-11D0-8D11-00A0C91BC942}") = "remasteredit", "remasteredit\remasteredit.vcxproj", "{56880D0D-31D1-468A-9338-240FBF8E6A77}"
EndProject
Global
	GlobalSection(SolutionConfigurationPlatforms) = preSolution
		Debug|x86 = Debug|x86
		Release|x86 = Release|x86
	EndGlobalSection
	GlobalSection(ProjectConfigurationPlatforms) = postSolution
		{045F531F-0CA7-4651-B2C9-F8100D4036A5}.Debug|x86.ActiveCfg = Debug|Win32
		{045F531F-0CA7-4651-B2C9-F8100D4036A5}.Debug|x86.Build.0 = Debug|Win32
		{045F531F-0CA7-4651-B2C9-F8100D4036A5}.Release|x86.ActiveCfg = Release|Win32
		{045F531F-0CA7-4651-B2C9-F8100D4036A5}.Release|x86.Build.0 = Release|Win32
		{E7431140-9925-4348-8168-42507A00E232}.Debug|x86.ActiveCfg = Debug|Win32
		{E7431140-9925-4348-8168-42507A00E232}.Debug|x86.Build.0 = Debug|Win32
		{E7431140-9925-4348-8168-42507A00E232}.Release|x86.ActiveCfg = Release|Win32
		{E7431140-9925-4348-8168-42507A00E232}.Release|x86.Build.0 = Release|Win32
		{56880D0D-31D1-468A-9338-240FBF8E6A77}.Debug|x86.ActiveCfg = Debug|Win32
		{56880D0D-31D1-468A-9338-240FBF8E6A77}.Debug|x86.Build.0 = Debug|Win32
		{56880D0D-31D1-468A-9338-240FBF8E6A77}.Release|x86.ActiveCfg = Release|Win32
		{56880D0D-31D1-468A-9338-240FBF8E6A77}.Release|x86.Build.0 = Release|Win32
	EndGlobalSection
	GlobalSection(SolutionProperties) = preSolution
		HideSolutionNode = FALSE
	EndGlobalSection
	GlobalSection(ExtensibilityGlobals) = postSolution
		SolutionGuid = {AFF2EBC0-FEB9-4FC5-9CA6-AE833698E1F1}
	EndGlobalSection
EndGlobal
