<?xml version="1.0" encoding="utf-8"?>
<Project ToolsVersion="4.0" xmlns="http://schemas.microsoft.com/developer/msbuild/2003">
  <ItemGroup>
    <Filter Include="Source Files">
      <UniqueIdentifier>{4FC737F1-C7A5-4376-A066-2A32D752A2FF}</UniqueIdentifier>
      <Extensions>cpp;c;cc;cxx;c++;def;odl;idl;hpj;bat;asm;asmx</Extensions>
    </Filter>
    <Filter Include="Header Files">
      <UniqueIdentifier>{93995380-89BD-4b04-88EB-625FBE52EBFB}</UniqueIdentifier>
      <Extensions>h;hh;hpp;hxx;h++;hm;inl;inc;ipp;xsd</Extensions>
    </Filter>
    <Filter Include="Resource Files">
      <UniqueIdentifier>{67DA6AB6-F800-4c08-8B7A-83BB121AAD01}</UniqueIdentifier>
      <Extensions>rc;ico;cur;bmp;dlg;rc2;rct;bin;rgs;gif;jpg;jpeg;jpe;resx;tiff;tif;png;wav;mfcribbon-ms</Extensions>
    </Filter>
  </ItemGroup>
  <ItemGroup>
    <ClCompile Include="remasteredit.cpp">
      <Filter>Source Files</Filter>
    </ClCompile>
    <ClCompile Include="..\utils\INI.CPP">
      <Filter>Source Files</Filter>
    </ClCompile>
    <ClCompile Include="..\utils\PIPE.CPP">
      <Filter>Source Files</Filter>
    </ClCompile>
    <ClCompile Include="..\utils\STRAW.CPP">
      <Filter>Source Files</Filter>
    </ClCompile>
    <ClCompile Include="..\utils\FIXED.CPP">
      <Filter>Source Files</Filter>
    </ClCompile>
    <ClCompile Include="..\utils\CRC.CPP">
      <Filter>Source Files</Filter>
    </ClCompile>
    <ClCompile Include="..\utils\XSTRAW.CPP">
      <Filter>Source Files</Filter>
    </ClCompile>
    <ClCompile Include="..\utils\XPIPE.CPP">
      <Filter>Source Files</Filter>
    </ClCompile>
    <ClCompile Include="..\utils\BUFF.CPP">
      <Filter>Source Files</Filter>
    </ClCompile>
    <ClCompile Include="..\utils\BASE64.CPP">
      <Filter>Source Files</Filter>
    </ClCompile>
    <ClCompile Include="..\utils\B64PIPE.CPP">
      <Filter>Source Files</Filter>
    </ClCompile>
    <ClCompile Include="..\utils\B64STRAW.CPP">
      <Filter>Source Files</Filter>
    </ClCompile>
    <ClCompile Include="..\utils\READLINE.CPP">
      <Filter>Source Files</Filter>
    </ClCompile>
    <ClCompile Include="..\utils\LCWSTRAW.CPP">
      <Filter>Source Files</Filter>
    </ClCompile>
    <ClCompile Include="..\utils\megfilemanager.cpp">
      <Filter>Source Files</Filter>
    </ClCompile>
    <ClCompile Include="..\utils\megfile.cpp">
      <Filter>Source Files</Filter>
    </ClCompile>
    <ClCompile Include="..\utils\RAWFILE.CPP">
      <Filter>Source Files</Filter>
    </ClCompile>
    <ClCompile Include="..\utils\LCW.CPP">
      <Filter>Source Files</Filter>
    </ClCompile>
    <ClCompile Include="templatetype.cpp">
      <Filter>Source Files</Filter>
    </ClCompile>
    <ClCompile Include="pugixml.cpp">
      <Filter>Source Files</Filter>
    </ClCompile>
    <ClCompile Include="tileset.cpp">
      <Filter>Source Files</Filter>
    </ClCompile>
    <ClCompile Include="map.cpp">
      <Filter>Source Files</Filter>
    </ClCompile>
    <ClCompile Include="OverlayType.cpp">
      <Filter>Source Files</Filter>
    </ClCompile>
    <ClCompile Include="smudgetype.cpp">
      <Filter>Source Files</Filter>
    </ClCompile>
    <ClCompile Include="TerrainType.cpp">
      <Filter>Source Files</Filter>
    </ClCompile>
    <ClCompile Include="texman.cpp">
      <Filter>Source Files</Filter>
    </ClCompile>
    <ClCompile Include="RAMFILE.CPP">
      <Filter>Source Files</Filter>
    </ClCompile>
    <ClCompile Include="miniz.c">
      <Filter>Source Files</Filter>
    </ClCompile>
    <ClCompile Include="teamcolor.cpp">
      <Filter>Source Files</Filter>
    </ClCompile>
    <ClCompile Include="structtype.cpp">
      <Filter>Source Files</Filter>
    </ClCompile>
    <ClCompile Include="housetype.cpp">
      <Filter>Source Files</Filter>
    </ClCompile>
    <ClCompile Include="maprender.cpp">
      <Filter>Source Files</Filter>
    </ClCompile>
    <ClCompile Include="window.cpp">
      <Filter>Source Files</Filter>
    </ClCompile>
    <ClCompile Include="mainwindow.cpp">
      <Filter>Source Files</Filter>
    </ClCompile>
    <ClCompile Include="mappanel.cpp">
      <Filter>Source Files</Filter>
    </ClCompile>
    <ClCompile Include="aircrafttype.cpp">
      <Filter>Source Files</Filter>
    </ClCompile>
  </ItemGroup>
  <ItemGroup>
    <ClInclude Include="AircraftType.h">
      <Filter>Header Files</Filter>
    </ClInclude>
    <ClInclude Include="cellmetrics.h">
      <Filter>Header Files</Filter>
    </ClInclude>
    <ClInclude Include="global.h">
      <Filter>Header Files</Filter>
    </ClInclude>
    <ClInclude Include="housetype.h">
      <Filter>Header Files</Filter>
    </ClInclude>
    <ClInclude Include="infantrytype.h">
      <Filter>Header Files</Filter>
    </ClInclude>
    <ClInclude Include="map.h">
      <Filter>Header Files</Filter>
    </ClInclude>
    <ClInclude Include="overlaytype.h">
      <Filter>Header Files</Filter>
    </ClInclude>
    <ClInclude Include="resource.h">
      <Filter>Header Files</Filter>
    </ClInclude>
    <ClInclude Include="smudgetype.h">
      <Filter>Header Files</Filter>
    </ClInclude>
    <ClInclude Include="structtype.h">
      <Filter>Header Files</Filter>
    </ClInclude>
    <ClInclude Include="teamcolor.h">
      <Filter>Header Files</Filter>
    </ClInclude>
    <ClInclude Include="TemplateType.h">
      <Filter>Header Files</Filter>
    </ClInclude>
    <ClInclude Include="TerrainType.h">
      <Filter>Header Files</Filter>
    </ClInclude>
    <ClInclude Include="texman.h">
      <Filter>Header Files</Filter>
    </ClInclude>
    <ClInclude Include="theatertype.h">
      <Filter>Header Files</Filter>
    </ClInclude>
    <ClInclude Include="tileset.h">
      <Filter>Header Files</Filter>
    </ClInclude>
    <ClInclude Include="unittype.h">
      <Filter>Header Files</Filter>
    </ClInclude>
    <ClInclude Include="vesseltype.h">
      <Filter>Header Files</Filter>
    </ClInclude>
    <ClInclude Include="maprender.h">
      <Filter>Header Files</Filter>
    </ClInclude>
    <ClInclude Include="window.h">
      <Filter>Header Files</Filter>
    </ClInclude>
    <ClInclude Include="mainwindow.h">
      <Filter>Header Files</Filter>
    </ClInclude>
    <ClInclude Include="mappanel.h">
      <Filter>Header Files</Filter>
    </ClInclude>
  </ItemGroup>
  <ItemGroup>
    <ResourceCompile Include="remasteredit.rc">
      <Filter>Resource Files</Filter>
    </ResourceCompile>
  </ItemGroup>
</Project>